
Microsoft Visual Studio Solution File, Format Version 12.00
# Visual Studio Version 17
VisualStudioVersion = 17.13.35931.197 d17.13
MinimumVisualStudioVersion = 10.0.40219.1
Project("{FAE04EC0-301F-11D3-BF4B-00C04F79EFBC}") = "MusicCollectionApp", "MusicCollectionApp\MusicCollectionApp.csproj", "{A261CD3C-73CF-4209-91B6-85F818C90609}"
EndProject
Global
	GlobalSection(SolutionConfigurationPlatforms) = preSolution
		Debug|Any CPU = Debug|Any CPU
		Release|Any CPU = Release|Any CPU
	EndGlobalSection
	GlobalSection(ProjectConfigurationPlatforms) = postSolution
		{A261CD3C-73CF-4209-91B6-85F818C90609}.Debug|Any CPU.ActiveCfg = Debug|Any CPU
		{A261CD3C-73CF-4209-91B6-85F818C90609}.Debug|Any CPU.Build.0 = Debug|Any CPU
		{A261CD3C-73CF-4209-91B6-85F818C90609}.Release|Any CPU.ActiveCfg = Release|Any CPU
		{A261CD3C-73CF-4209-91B6-85F818C90609}.Release|Any CPU.Build.0 = Release|Any CPU
	EndGlobalSection
	GlobalSection(SolutionProperties) = preSolution
		HideSolutionNode = FALSE
	EndGlobalSection
	GlobalSection(ExtensibilityGlobals) = postSolution
		SolutionGuid = {EAC82F04-3ADD-46B2-91ED-4804861DBDC4}
	EndGlobalSection
EndGlobal
